
Microsoft Visual Studio Solution File, Format Version 12.00
# Visual Studio Version 16
VisualStudioVersion = 16.0.29728.190
MinimumVisualStudioVersion = 10.0.40219.1
Project("{FAE04EC0-301F-11D3-BF4B-00C04F79EFBC}") = "RGBLightController", "RGBLightController.csproj", "{575B9657-0264-4CF9-A9E7-427277C18C8C}"
EndProject
Global
	GlobalSection(SolutionConfigurationPlatforms) = preSolution
		Debug|x64 = Debug|x64
	EndGlobalSection
	GlobalSection(ProjectConfigurationPlatforms) = postSolution
		{575B9657-0264-4CF9-A9E7-427277C18C8C}.Debug|x64.ActiveCfg = Debug|x64
		{575B9657-0264-4CF9-A9E7-427277C18C8C}.Debug|x64.Build.0 = Debug|x64
	EndGlobalSection
	GlobalSection(SolutionProperties) = preSolution
		HideSolutionNode = FALSE
	EndGlobalSection
	GlobalSection(ExtensibilityGlobals) = postSolution
		SolutionGuid = {89743A5E-0285-43A4-99E5-85C31F2E74D2}
	EndGlobalSection
EndGlobal
